
Microsoft Visual Studio Solution File, Format Version 12.00
# Visual Studio 15
VisualStudioVersion = 15.0.27130.2024
MinimumVisualStudioVersion = 10.0.40219.1
Project("{9A19103F-16F7-4668-BE54-9A1E7A4F7556}") = "ModelRelief", "ModelRelief\ModelRelief.csproj", "{E49C608C-860C-4FFA-A914-B3DABB3B0AAC}"
EndProject
Project("{888888A0-9F3D-457C-B088-3A5042F75D52}") = "Solver", "Solver\Solver.pyproj", "{4D128880-4790-41DF-8A6B-0D34F9B65E4F}"
EndProject
Project("{9A19103F-16F7-4668-BE54-9A1E7A4F7556}") = "ModelRelief.Test", "ModelRelief.Test\ModelRelief.Test.csproj", "{A077692C-A7C6-4B0D-83E3-59971619EE53}"
EndProject
Project("{2150E333-8FDC-42A3-9474-1A3956D46DE8}") = "Solution Items", "Solution Items", "{8606C6AB-8976-479A-BE76-9DE123DA22E6}"
	ProjectSection(SolutionItems) = preProject
		.dockerignore = .dockerignore
		.gitattributes = .gitattributes
		.gitignore = .gitignore
		.pylintrc = .pylintrc
		gulpfile.js = gulpfile.js
		NuGet.config = NuGet.config
		package-lock.json = package-lock.json
		package.json = package.json
		README.md = README.md
		requirements.development.txt = requirements.development.txt
		requirements.production.txt = requirements.production.txt
		web.config = web.config
		web.config.production = web.config.production
	EndProjectSection
EndProject
Project("{888888A0-9F3D-457C-B088-3A5042F75D52}") = "Tools", "Tools\Tools.pyproj", "{7CC869EF-74B2-478B-AF71-186EC6DE990E}"
EndProject
Project("{888888A0-9F3D-457C-B088-3A5042F75D52}") = "Explorer", "Explorer\Explorer.pyproj", "{E85E4307-415D-4031-A863-1DF4B615CAF9}"
EndProject
Project("{2150E333-8FDC-42A3-9474-1A3956D46DE8}") = "ProjectNotes", "ProjectNotes", "{583B0720-98A2-444B-9BD4-CD6DD2E385A7}"
	ProjectSection(SolutionItems) = preProject
		ProjectNotes\markdown.css = ProjectNotes\markdown.css
		ProjectNotes\ProjectNotes.md = ProjectNotes\ProjectNotes.md
	EndProjectSection
EndProject
Project("{8BC9CEB8-8B4A-11D0-8D11-00A0C91BC942}") = "Relief", "Relief\Relief.vcxproj", "{6049BDA4-87AB-4520-A4BC-06146096F82D}"
EndProject
Project("{888888A0-9F3D-457C-B088-3A5042F75D52}") = "Build", "Build\Build.pyproj", "{FC1BFFC5-8EEE-47DB-AD84-5660B439CDAC}"
EndProject
Project("{888888A0-9F3D-457C-B088-3A5042F75D52}") = "ReliefPythonDebug", "ReliefTest\ReliefPythonDebug.pyproj", "{279242A8-16CC-4CBD-8A5E-C9CBEAC148DB}"
EndProject
Global
	GlobalSection(SolutionConfigurationPlatforms) = preSolution
		Debug|Any CPU = Debug|Any CPU
		Debug|x64 = Debug|x64
		Debug|x86 = Debug|x86
		Release|Any CPU = Release|Any CPU
		Release|x64 = Release|x64
		Release|x86 = Release|x86
	EndGlobalSection
	GlobalSection(ProjectConfigurationPlatforms) = postSolution
		{E49C608C-860C-4FFA-A914-B3DABB3B0AAC}.Debug|Any CPU.ActiveCfg = Debug|Any CPU
		{E49C608C-860C-4FFA-A914-B3DABB3B0AAC}.Debug|Any CPU.Build.0 = Debug|Any CPU
		{E49C608C-860C-4FFA-A914-B3DABB3B0AAC}.Debug|x64.ActiveCfg = Debug|Any CPU
		{E49C608C-860C-4FFA-A914-B3DABB3B0AAC}.Debug|x64.Build.0 = Debug|Any CPU
		{E49C608C-860C-4FFA-A914-B3DABB3B0AAC}.Debug|x86.ActiveCfg = Debug|Any CPU
		{E49C608C-860C-4FFA-A914-B3DABB3B0AAC}.Debug|x86.Build.0 = Debug|Any CPU
		{E49C608C-860C-4FFA-A914-B3DABB3B0AAC}.Release|Any CPU.ActiveCfg = Release|Any CPU
		{E49C608C-860C-4FFA-A914-B3DABB3B0AAC}.Release|Any CPU.Build.0 = Release|Any CPU
		{E49C608C-860C-4FFA-A914-B3DABB3B0AAC}.Release|x64.ActiveCfg = Release|Any CPU
		{E49C608C-860C-4FFA-A914-B3DABB3B0AAC}.Release|x64.Build.0 = Release|Any CPU
		{E49C608C-860C-4FFA-A914-B3DABB3B0AAC}.Release|x86.ActiveCfg = Release|Any CPU
		{E49C608C-860C-4FFA-A914-B3DABB3B0AAC}.Release|x86.Build.0 = Release|Any CPU
		{4D128880-4790-41DF-8A6B-0D34F9B65E4F}.Debug|Any CPU.ActiveCfg = Debug|Any CPU
		{4D128880-4790-41DF-8A6B-0D34F9B65E4F}.Debug|x64.ActiveCfg = Debug|Any CPU
		{4D128880-4790-41DF-8A6B-0D34F9B65E4F}.Debug|x86.ActiveCfg = Debug|Any CPU
		{4D128880-4790-41DF-8A6B-0D34F9B65E4F}.Release|Any CPU.ActiveCfg = Release|Any CPU
		{4D128880-4790-41DF-8A6B-0D34F9B65E4F}.Release|x64.ActiveCfg = Release|Any CPU
		{4D128880-4790-41DF-8A6B-0D34F9B65E4F}.Release|x86.ActiveCfg = Release|Any CPU
		{A077692C-A7C6-4B0D-83E3-59971619EE53}.Debug|Any CPU.ActiveCfg = Debug|Any CPU
		{A077692C-A7C6-4B0D-83E3-59971619EE53}.Debug|Any CPU.Build.0 = Debug|Any CPU
		{A077692C-A7C6-4B0D-83E3-59971619EE53}.Debug|x64.ActiveCfg = Debug|Any CPU
		{A077692C-A7C6-4B0D-83E3-59971619EE53}.Debug|x64.Build.0 = Debug|Any CPU
		{A077692C-A7C6-4B0D-83E3-59971619EE53}.Debug|x86.ActiveCfg = Debug|Any CPU
		{A077692C-A7C6-4B0D-83E3-59971619EE53}.Debug|x86.Build.0 = Debug|Any CPU
		{A077692C-A7C6-4B0D-83E3-59971619EE53}.Release|Any CPU.ActiveCfg = Release|Any CPU
		{A077692C-A7C6-4B0D-83E3-59971619EE53}.Release|Any CPU.Build.0 = Release|Any CPU
		{A077692C-A7C6-4B0D-83E3-59971619EE53}.Release|x64.ActiveCfg = Release|Any CPU
		{A077692C-A7C6-4B0D-83E3-59971619EE53}.Release|x64.Build.0 = Release|Any CPU
		{A077692C-A7C6-4B0D-83E3-59971619EE53}.Release|x86.ActiveCfg = Release|Any CPU
		{A077692C-A7C6-4B0D-83E3-59971619EE53}.Release|x86.Build.0 = Release|Any CPU
		{7CC869EF-74B2-478B-AF71-186EC6DE990E}.Debug|Any CPU.ActiveCfg = Debug|Any CPU
		{7CC869EF-74B2-478B-AF71-186EC6DE990E}.Debug|x64.ActiveCfg = Debug|Any CPU
		{7CC869EF-74B2-478B-AF71-186EC6DE990E}.Debug|x86.ActiveCfg = Debug|Any CPU
		{7CC869EF-74B2-478B-AF71-186EC6DE990E}.Release|Any CPU.ActiveCfg = Release|Any CPU
		{7CC869EF-74B2-478B-AF71-186EC6DE990E}.Release|x64.ActiveCfg = Release|Any CPU
		{7CC869EF-74B2-478B-AF71-186EC6DE990E}.Release|x86.ActiveCfg = Release|Any CPU
		{E85E4307-415D-4031-A863-1DF4B615CAF9}.Debug|Any CPU.ActiveCfg = Debug|Any CPU
		{E85E4307-415D-4031-A863-1DF4B615CAF9}.Debug|x64.ActiveCfg = Debug|Any CPU
		{E85E4307-415D-4031-A863-1DF4B615CAF9}.Debug|x86.ActiveCfg = Debug|Any CPU
		{E85E4307-415D-4031-A863-1DF4B615CAF9}.Release|Any CPU.ActiveCfg = Release|Any CPU
		{E85E4307-415D-4031-A863-1DF4B615CAF9}.Release|x64.ActiveCfg = Release|Any CPU
		{E85E4307-415D-4031-A863-1DF4B615CAF9}.Release|x86.ActiveCfg = Release|Any CPU
		{6049BDA4-87AB-4520-A4BC-06146096F82D}.Debug|Any CPU.ActiveCfg = Debug|Win32
		{6049BDA4-87AB-4520-A4BC-06146096F82D}.Debug|x64.ActiveCfg = Debug|x64
		{6049BDA4-87AB-4520-A4BC-06146096F82D}.Debug|x64.Build.0 = Debug|x64
		{6049BDA4-87AB-4520-A4BC-06146096F82D}.Debug|x86.ActiveCfg = Debug|Win32
		{6049BDA4-87AB-4520-A4BC-06146096F82D}.Debug|x86.Build.0 = Debug|Win32
		{6049BDA4-87AB-4520-A4BC-06146096F82D}.Release|Any CPU.ActiveCfg = Release|Win32
		{6049BDA4-87AB-4520-A4BC-06146096F82D}.Release|x64.ActiveCfg = Release|x64
		{6049BDA4-87AB-4520-A4BC-06146096F82D}.Release|x64.Build.0 = Release|x64
		{6049BDA4-87AB-4520-A4BC-06146096F82D}.Release|x86.ActiveCfg = Release|Win32
		{6049BDA4-87AB-4520-A4BC-06146096F82D}.Release|x86.Build.0 = Release|Win32
		{FC1BFFC5-8EEE-47DB-AD84-5660B439CDAC}.Debug|Any CPU.ActiveCfg = Debug|Any CPU
		{FC1BFFC5-8EEE-47DB-AD84-5660B439CDAC}.Debug|x64.ActiveCfg = Debug|Any CPU
		{FC1BFFC5-8EEE-47DB-AD84-5660B439CDAC}.Debug|x86.ActiveCfg = Debug|Any CPU
		{FC1BFFC5-8EEE-47DB-AD84-5660B439CDAC}.Release|Any CPU.ActiveCfg = Release|Any CPU
		{FC1BFFC5-8EEE-47DB-AD84-5660B439CDAC}.Release|x64.ActiveCfg = Release|Any CPU
		{FC1BFFC5-8EEE-47DB-AD84-5660B439CDAC}.Release|x86.ActiveCfg = Release|Any CPU
		{279242A8-16CC-4CBD-8A5E-C9CBEAC148DB}.Debug|Any CPU.ActiveCfg = Debug|Any CPU
		{279242A8-16CC-4CBD-8A5E-C9CBEAC148DB}.Debug|x64.ActiveCfg = Debug|Any CPU
		{279242A8-16CC-4CBD-8A5E-C9CBEAC148DB}.Debug|x86.ActiveCfg = Debug|Any CPU
		{279242A8-16CC-4CBD-8A5E-C9CBEAC148DB}.Release|Any CPU.ActiveCfg = Release|Any CPU
		{279242A8-16CC-4CBD-8A5E-C9CBEAC148DB}.Release|x64.ActiveCfg = Release|Any CPU
		{279242A8-16CC-4CBD-8A5E-C9CBEAC148DB}.Release|x86.ActiveCfg = Release|Any CPU
	EndGlobalSection
	GlobalSection(SolutionProperties) = preSolution
		HideSolutionNode = FALSE
	EndGlobalSection
	GlobalSection(NestedProjects) = preSolution
		{583B0720-98A2-444B-9BD4-CD6DD2E385A7} = {8606C6AB-8976-479A-BE76-9DE123DA22E6}
	EndGlobalSection
	GlobalSection(ExtensibilityGlobals) = postSolution
		SolutionGuid = {C9E654D7-52C7-4D21-8503-FCC19F9E0BAD}
	EndGlobalSection
EndGlobal
