<?xml version="1.0" encoding="utf-8"?>
<Project ToolsVersion="4.0" xmlns="http://schemas.microsoft.com/developer/msbuild/2003">
  <ItemGroup>
    <Filter Include="Source Files">
      <UniqueIdentifier>{4FC737F1-C7A5-4376-A066-2A32D752A2FF}</UniqueIdentifier>
      <Extensions>cpp;c;cc;cxx;def;odl;idl;hpj;bat;asm;asmx</Extensions>
    </Filter>
    <Filter Include="Header Files">
      <UniqueIdentifier>{93995380-89BD-4b04-88EB-625FBE52EBFB}</UniqueIdentifier>
      <Extensions>h;hh;hpp;hxx;hm;inl;inc;xsd</Extensions>
    </Filter>
    <Filter Include="Resource Files">
      <UniqueIdentifier>{67DA6AB6-F800-4c08-8B7A-83BB121AAD01}</UniqueIdentifier>
      <Extensions>rc;ico;cur;bmp;dlg;rc2;rct;bin;rgs;gif;jpg;jpeg;jpe;resx;tiff;tif;png;wav</Extensions>
    </Filter>
  </ItemGroup>
  <ItemGroup>
    <ClCompile Include="build\temp.win-amd64-3.6\debug\cmakefiles\feature_tests.cxx">
      <Filter>Source Files</Filter>
    </ClCompile>
    <ClCompile Include="build\temp.win-amd64-3.6\debug\cmakefiles\feature_tests.c">
      <Filter>Source Files</Filter>
    </ClCompile>
    <ClCompile Include="build\temp.win-amd64-3.6\debug\cmakefiles\3.11.18040201-msvc_2\compileridc\CMakeCCompilerId.c">
      <Filter>Source Files</Filter>
    </ClCompile>
    <ClCompile Include="build\temp.win-amd64-3.6\debug\cmakefiles\3.11.18040201-msvc_2\compileridcxx\CMakeCXXCompilerId.cpp">
      <Filter>Source Files</Filter>
    </ClCompile>
    <ClCompile Include="build\temp.win-amd64-3.6\debug\cmakefiles\3.12.1\compileridc\CMakeCCompilerId.c">
      <Filter>Source Files</Filter>
    </ClCompile>
    <ClCompile Include="build\temp.win-amd64-3.6\debug\cmakefiles\3.12.1\compileridcxx\CMakeCXXCompilerId.cpp">
      <Filter>Source Files</Filter>
    </ClCompile>
    <ClCompile Include="build\temp.win-amd64-3.6\release\cmakefiles\feature_tests.cxx">
      <Filter>Source Files</Filter>
    </ClCompile>
    <ClCompile Include="build\temp.win-amd64-3.6\release\cmakefiles\feature_tests.c">
      <Filter>Source Files</Filter>
    </ClCompile>
    <ClCompile Include="build\temp.win-amd64-3.6\release\cmakefiles\3.12.1\compileridc\CMakeCCompilerId.c">
      <Filter>Source Files</Filter>
    </ClCompile>
    <ClCompile Include="build\temp.win-amd64-3.6\release\cmakefiles\3.12.1\compileridcxx\CMakeCXXCompilerId.cpp">
      <Filter>Source Files</Filter>
    </ClCompile>
    <ClCompile Include="lib\pybind11\tests\pybind11_cross_module_tests.cpp">
      <Filter>Source Files</Filter>
    </ClCompile>
    <ClCompile Include="lib\pybind11\tests\pybind11_tests.cpp">
      <Filter>Source Files</Filter>
    </ClCompile>
    <ClCompile Include="lib\pybind11\tests\test_buffers.cpp">
      <Filter>Source Files</Filter>
    </ClCompile>
    <ClCompile Include="lib\pybind11\tests\test_builtin_casters.cpp">
      <Filter>Source Files</Filter>
    </ClCompile>
    <ClCompile Include="lib\pybind11\tests\test_callbacks.cpp">
      <Filter>Source Files</Filter>
    </ClCompile>
    <ClCompile Include="lib\pybind11\tests\test_call_policies.cpp">
      <Filter>Source Files</Filter>
    </ClCompile>
    <ClCompile Include="lib\pybind11\tests\test_chrono.cpp">
      <Filter>Source Files</Filter>
    </ClCompile>
    <ClCompile Include="lib\pybind11\tests\test_class.cpp">
      <Filter>Source Files</Filter>
    </ClCompile>
    <ClCompile Include="lib\pybind11\tests\test_constants_and_functions.cpp">
      <Filter>Source Files</Filter>
    </ClCompile>
    <ClCompile Include="lib\pybind11\tests\test_copy_move.cpp">
      <Filter>Source Files</Filter>
    </ClCompile>
    <ClCompile Include="lib\pybind11\tests\test_docstring_options.cpp">
      <Filter>Source Files</Filter>
    </ClCompile>
    <ClCompile Include="lib\pybind11\tests\test_eigen.cpp">
      <Filter>Source Files</Filter>
    </ClCompile>
    <ClCompile Include="lib\pybind11\tests\test_enum.cpp">
      <Filter>Source Files</Filter>
    </ClCompile>
    <ClCompile Include="lib\pybind11\tests\test_eval.cpp">
      <Filter>Source Files</Filter>
    </ClCompile>
    <ClCompile Include="lib\pybind11\tests\test_exceptions.cpp">
      <Filter>Source Files</Filter>
    </ClCompile>
    <ClCompile Include="lib\pybind11\tests\test_factory_constructors.cpp">
      <Filter>Source Files</Filter>
    </ClCompile>
    <ClCompile Include="lib\pybind11\tests\test_iostream.cpp">
      <Filter>Source Files</Filter>
    </ClCompile>
    <ClCompile Include="lib\pybind11\tests\test_kwargs_and_defaults.cpp">
      <Filter>Source Files</Filter>
    </ClCompile>
    <ClCompile Include="lib\pybind11\tests\test_local_bindings.cpp">
      <Filter>Source Files</Filter>
    </ClCompile>
    <ClCompile Include="lib\pybind11\tests\test_methods_and_attributes.cpp">
      <Filter>Source Files</Filter>
    </ClCompile>
    <ClCompile Include="lib\pybind11\tests\test_modules.cpp">
      <Filter>Source Files</Filter>
    </ClCompile>
    <ClCompile Include="lib\pybind11\tests\test_multiple_inheritance.cpp">
      <Filter>Source Files</Filter>
    </ClCompile>
    <ClCompile Include="lib\pybind11\tests\test_numpy_array.cpp">
      <Filter>Source Files</Filter>
    </ClCompile>
    <ClCompile Include="lib\pybind11\tests\test_numpy_dtypes.cpp">
      <Filter>Source Files</Filter>
    </ClCompile>
    <ClCompile Include="lib\pybind11\tests\test_numpy_vectorize.cpp">
      <Filter>Source Files</Filter>
    </ClCompile>
    <ClCompile Include="lib\pybind11\tests\test_opaque_types.cpp">
      <Filter>Source Files</Filter>
    </ClCompile>
    <ClCompile Include="lib\pybind11\tests\test_operator_overloading.cpp">
      <Filter>Source Files</Filter>
    </ClCompile>
    <ClCompile Include="lib\pybind11\tests\test_pickling.cpp">
      <Filter>Source Files</Filter>
    </ClCompile>
    <ClCompile Include="lib\pybind11\tests\test_pytypes.cpp">
      <Filter>Source Files</Filter>
    </ClCompile>
    <ClCompile Include="lib\pybind11\tests\test_sequences_and_iterators.cpp">
      <Filter>Source Files</Filter>
    </ClCompile>
    <ClCompile Include="lib\pybind11\tests\test_smart_ptr.cpp">
      <Filter>Source Files</Filter>
    </ClCompile>
    <ClCompile Include="lib\pybind11\tests\test_stl.cpp">
      <Filter>Source Files</Filter>
    </ClCompile>
    <ClCompile Include="lib\pybind11\tests\test_stl_binders.cpp">
      <Filter>Source Files</Filter>
    </ClCompile>
    <ClCompile Include="lib\pybind11\tests\test_tagbased_polymorphic.cpp">
      <Filter>Source Files</Filter>
    </ClCompile>
    <ClCompile Include="lib\pybind11\tests\test_virtual_functions.cpp">
      <Filter>Source Files</Filter>
    </ClCompile>
    <ClCompile Include="lib\pybind11\tests\test_cmake_build\embed.cpp">
      <Filter>Source Files</Filter>
    </ClCompile>
    <ClCompile Include="lib\pybind11\tests\test_cmake_build\main.cpp">
      <Filter>Source Files</Filter>
    </ClCompile>
    <ClCompile Include="lib\pybind11\tests\test_embed\catch.cpp">
      <Filter>Source Files</Filter>
    </ClCompile>
    <ClCompile Include="lib\pybind11\tests\test_embed\external_module.cpp">
      <Filter>Source Files</Filter>
    </ClCompile>
    <ClCompile Include="lib\pybind11\tests\test_embed\test_interpreter.cpp">
      <Filter>Source Files</Filter>
    </ClCompile>
    <ClCompile Include="src\bindings.cpp">
      <Filter>Source Files</Filter>
    </ClCompile>
    <ClCompile Include="src\GaussianFilter.cpp">
      <Filter>Source Files</Filter>
    </ClCompile>
    <ClCompile Include="src\GaussianKernel.cpp">
      <Filter>Source Files</Filter>
    </ClCompile>
    <ClCompile Include="src\ModelRelief.cpp">
      <Filter>Source Files</Filter>
    </ClCompile>
    <ClCompile Include="tests\c++\main.cpp">
      <Filter>Source Files</Filter>
    </ClCompile>
    <ClCompile Include="tests\c++\GaussianKernelTests.cpp">
      <Filter>Source Files</Filter>
    </ClCompile>
  </ItemGroup>
  <ItemGroup>
    <ClInclude Include="lib\pybind11\include\pybind11\attr.h">
      <Filter>Header Files</Filter>
    </ClInclude>
    <ClInclude Include="lib\pybind11\include\pybind11\buffer_info.h">
      <Filter>Header Files</Filter>
    </ClInclude>
    <ClInclude Include="lib\pybind11\include\pybind11\cast.h">
      <Filter>Header Files</Filter>
    </ClInclude>
    <ClInclude Include="lib\pybind11\include\pybind11\chrono.h">
      <Filter>Header Files</Filter>
    </ClInclude>
    <ClInclude Include="lib\pybind11\include\pybind11\common.h">
      <Filter>Header Files</Filter>
    </ClInclude>
    <ClInclude Include="lib\pybind11\include\pybind11\complex.h">
      <Filter>Header Files</Filter>
    </ClInclude>
    <ClInclude Include="lib\pybind11\include\pybind11\eigen.h">
      <Filter>Header Files</Filter>
    </ClInclude>
    <ClInclude Include="lib\pybind11\include\pybind11\embed.h">
      <Filter>Header Files</Filter>
    </ClInclude>
    <ClInclude Include="lib\pybind11\include\pybind11\eval.h">
      <Filter>Header Files</Filter>
    </ClInclude>
    <ClInclude Include="lib\pybind11\include\pybind11\functional.h">
      <Filter>Header Files</Filter>
    </ClInclude>
    <ClInclude Include="lib\pybind11\include\pybind11\iostream.h">
      <Filter>Header Files</Filter>
    </ClInclude>
    <ClInclude Include="lib\pybind11\include\pybind11\numpy.h">
      <Filter>Header Files</Filter>
    </ClInclude>
    <ClInclude Include="lib\pybind11\include\pybind11\operators.h">
      <Filter>Header Files</Filter>
    </ClInclude>
    <ClInclude Include="lib\pybind11\include\pybind11\options.h">
      <Filter>Header Files</Filter>
    </ClInclude>
    <ClInclude Include="lib\pybind11\include\pybind11\pybind11.h">
      <Filter>Header Files</Filter>
    </ClInclude>
    <ClInclude Include="lib\pybind11\include\pybind11\pytypes.h">
      <Filter>Header Files</Filter>
    </ClInclude>
    <ClInclude Include="lib\pybind11\include\pybind11\stl.h">
      <Filter>Header Files</Filter>
    </ClInclude>
    <ClInclude Include="lib\pybind11\include\pybind11\stl_bind.h">
      <Filter>Header Files</Filter>
    </ClInclude>
    <ClInclude Include="lib\pybind11\include\pybind11\detail\class.h">
      <Filter>Header Files</Filter>
    </ClInclude>
    <ClInclude Include="lib\pybind11\include\pybind11\detail\common.h">
      <Filter>Header Files</Filter>
    </ClInclude>
    <ClInclude Include="lib\pybind11\include\pybind11\detail\descr.h">
      <Filter>Header Files</Filter>
    </ClInclude>
    <ClInclude Include="lib\pybind11\include\pybind11\detail\init.h">
      <Filter>Header Files</Filter>
    </ClInclude>
    <ClInclude Include="lib\pybind11\include\pybind11\detail\internals.h">
      <Filter>Header Files</Filter>
    </ClInclude>
    <ClInclude Include="lib\pybind11\include\pybind11\detail\typeid.h">
      <Filter>Header Files</Filter>
    </ClInclude>
    <ClInclude Include="lib\pybind11\tests\constructor_stats.h">
      <Filter>Header Files</Filter>
    </ClInclude>
    <ClInclude Include="lib\pybind11\tests\local_bindings.h">
      <Filter>Header Files</Filter>
    </ClInclude>
    <ClInclude Include="lib\pybind11\tests\object.h">
      <Filter>Header Files</Filter>
    </ClInclude>
    <ClInclude Include="lib\pybind11\tests\pybind11_tests.h">
      <Filter>Header Files</Filter>
    </ClInclude>
    <ClInclude Include="src\GaussianFilter.h">
      <Filter>Header Files</Filter>
    </ClInclude>
    <ClInclude Include="src\GaussianKernel.h">
      <Filter>Header Files</Filter>
    </ClInclude>
    <ClInclude Include="src\ModelRelief.h">
      <Filter>Header Files</Filter>
    </ClInclude>
  </ItemGroup>
  <ItemGroup>
    <None Include="build\temp.win-amd64-3.6\debug\cmakefiles\feature_tests.bin">
      <Filter>Resource Files</Filter>
    </None>
    <None Include="build\temp.win-amd64-3.6\debug\cmakefiles\3.11.18040201-msvc_2\CMakeDetermineCompilerABI_C.bin">
      <Filter>Resource Files</Filter>
    </None>
    <None Include="build\temp.win-amd64-3.6\debug\cmakefiles\3.11.18040201-msvc_2\CMakeDetermineCompilerABI_CXX.bin">
      <Filter>Resource Files</Filter>
    </None>
    <None Include="build\temp.win-amd64-3.6\debug\cmakefiles\3.12.1\CMakeDetermineCompilerABI_C.bin">
      <Filter>Resource Files</Filter>
    </None>
    <None Include="build\temp.win-amd64-3.6\debug\cmakefiles\3.12.1\CMakeDetermineCompilerABI_CXX.bin">
      <Filter>Resource Files</Filter>
    </None>
    <None Include="build\temp.win-amd64-3.6\release\cmakefiles\feature_tests.bin">
      <Filter>Resource Files</Filter>
    </None>
    <None Include="build\temp.win-amd64-3.6\release\cmakefiles\3.12.1\CMakeDetermineCompilerABI_C.bin">
      <Filter>Resource Files</Filter>
    </None>
    <None Include="build\temp.win-amd64-3.6\release\cmakefiles\3.12.1\CMakeDetermineCompilerABI_CXX.bin">
      <Filter>Resource Files</Filter>
    </None>
    <None Include="setup.py" />
    <None Include=".gitignore" />
    <None Include="lib\.gitignore" />
    <None Include="tests\__init__.py" />
    <None Include="tests\relief_test.py" />
    <None Include="tests\python\__init__.py" />
    <None Include="tests\python\relief_test.py" />
    <None Include="tests\python\relieftest.py" />
  </ItemGroup>
  <ItemGroup>
    <Text Include="CMakeLists.txt" />
  </ItemGroup>
</Project>